
Microsoft Visual Studio Solution File, Format Version 12.00
# Visual Studio 15
VisualStudioVersion = 15.0.28307.136
MinimumVisualStudioVersion = 10.0.40219.1
Project("{FAE04EC0-301F-11D3-BF4B-00C04F79EFBC}") = "MacOS Theme", "MacOS Theme\MacOS Theme.csproj", "{31661D79-0FD1-42AE-B52E-3CA2B22A9047}"
EndProject
Global
	GlobalSection(SolutionConfigurationPlatforms) = preSolution
		Debug|Any CPU = Debug|Any CPU
		Release|Any CPU = Release|Any CPU
	EndGlobalSection
	GlobalSection(ProjectConfigurationPlatforms) = postSolution
		{31661D79-0FD1-42AE-B52E-3CA2B22A9047}.Debug|Any CPU.ActiveCfg = Debug|Any CPU
		{31661D79-0FD1-42AE-B52E-3CA2B22A9047}.Debug|Any CPU.Build.0 = Debug|Any CPU
		{31661D79-0FD1-42AE-B52E-3CA2B22A9047}.Release|Any CPU.ActiveCfg = Release|Any CPU
		{31661D79-0FD1-42AE-B52E-3CA2B22A9047}.Release|Any CPU.Build.0 = Release|Any CPU
	EndGlobalSection
	GlobalSection(SolutionProperties) = preSolution
		HideSolutionNode = FALSE
	EndGlobalSection
	GlobalSection(ExtensibilityGlobals) = postSolution
		SolutionGuid = {415DA8D2-0EF2-46C6-A40F-61CC5F908D93}
	EndGlobalSection
EndGlobal
